// !$*UTF8*$!
{
	archiveVersion = 1;
	classes = {
	};
	objectVersion = 55;
	objects = {

/* Begin PBXBuildFile section */
		F2CC9E6A284DBAC70055746E /* actions_demoApp.swift in Sources */ = {isa = PBXBuildFile; fileRef = F2CC9E69284DBAC70055746E /* actions_demoApp.swift */; };
		F2CC9E6C284DBAC70055746E /* ContentView.swift in Sources */ = {isa = PBXBuildFile; fileRef = F2CC9E6B284DBAC70055746E /* ContentView.swift */; };
		F2CC9E6E284DBACA0055746E /* Assets.xcassets in Resources */ = {isa = PBXBuildFile; fileRef = F2CC9E6D284DBACA0055746E /* Assets.xcassets */; };
		F2CC9E71284DBACA0055746E /* Preview Assets.xcassets in Resources */ = {isa = PBXBuildFile; fileRef = F2CC9E70284DBACA0055746E /* Preview Assets.xcassets */; };
		F2CC9E7B284DBACB0055746E /* actions_demoTests.swift in Sources */ = {isa = PBXBuildFile; fileRef = F2CC9E7A284DBACB0055746E /* actions_demoTests.swift */; };
		F2CC9E85284DBACB0055746E /* actions_demoUITests.swift in Sources */ = {isa = PBXBuildFile; fileRef = F2CC9E84284DBACB0055746E /* actions_demoUITests.swift */; };
		F2CC9E87284DBACB0055746E /* actions_demoUITestsLaunchTests.swift in Sources */ = {isa = PBXBuildFile; fileRef = F2CC9E86284DBACB0055746E /* actions_demoUITestsLaunchTests.swift */; };
/* End PBXBuildFile section */

/* Begin PBXContainerItemProxy section */
		F2CC9E77284DBACB0055746E /* PBXContainerItemProxy */ = {
			isa = PBXContainerItemProxy;
			containerPortal = F2CC9E5E284DBAC70055746E /* Project object */;
			proxyType = 1;
			remoteGlobalIDString = F2CC9E65284DBAC70055746E;
			remoteInfo = actions_demo;
		};
		F2CC9E81284DBACB0055746E /* PBXContainerItemProxy */ = {
			isa = PBXContainerItemProxy;
			containerPortal = F2CC9E5E284DBAC70055746E /* Project object */;
			proxyType = 1;
			remoteGlobalIDString = F2CC9E65284DBAC70055746E;
			remoteInfo = actions_demo;
		};
/* End PBXContainerItemProxy section */

/* Begin PBXFileReference section */
		F2CC9E66284DBAC70055746E /* actions_demo.app */ = {isa = PBXFileReference; explicitFileType = wrapper.application; includeInIndex = 0; path = actions_demo.app; sourceTree = BUILT_PRODUCTS_DIR; };
		F2CC9E69284DBAC70055746E /* actions_demoApp.swift */ = {isa = PBXFileReference; lastKnownFileType = sourcecode.swift; path = actions_demoApp.swift; sourceTree = "<group>"; };
		F2CC9E6B284DBAC70055746E /* ContentView.swift */ = {isa = PBXFileReference; lastKnownFileType = sourcecode.swift; path = ContentView.swift; sourceTree = "<group>"; };
		F2CC9E6D284DBACA0055746E /* Assets.xcassets */ = {isa = PBXFileReference; lastKnownFileType = folder.assetcatalog; path = Assets.xcassets; sourceTree = "<group>"; };
		F2CC9E70284DBACA0055746E /* Preview Assets.xcassets */ = {isa = PBXFileReference; lastKnownFileType = folder.assetcatalog; path = "Preview Assets.xcassets"; sourceTree = "<group>"; };
		F2CC9E76284DBACB0055746E /* actions_demoTests.xctest */ = {isa = PBXFileReference; explicitFileType = wrapper.cfbundle; includeInIndex = 0; path = actions_demoTests.xctest; sourceTree = BUILT_PRODUCTS_DIR; };
		F2CC9E7A284DBACB0055746E /* actions_demoTests.swift */ = {isa = PBXFileReference; lastKnownFileType = sourcecode.swift; path = actions_demoTests.swift; sourceTree = "<group>"; };
		F2CC9E80284DBACB0055746E /* actions_demoUITests.xctest */ = {isa = PBXFileReference; explicitFileType = wrapper.cfbundle; includeInIndex = 0; path = actions_demoUITests.xctest; sourceTree = BUILT_PRODUCTS_DIR; };
		F2CC9E84284DBACB0055746E /* actions_demoUITests.swift */ = {isa = PBXFileReference; lastKnownFileType = sourcecode.swift; path = actions_demoUITests.swift; sourceTree = "<group>"; };
		F2CC9E86284DBACB0055746E /* actions_demoUITestsLaunchTests.swift */ = {isa = PBXFileReference; lastKnownFileType = sourcecode.swift; path = actions_demoUITestsLaunchTests.swift; sourceTree = "<group>"; };
/* End PBXFileReference section */

/* Begin PBXFrameworksBuildPhase section */
		F2CC9E63284DBAC70055746E /* Frameworks */ = {
			isa = PBXFrameworksBuildPhase;
			buildActionMask = 2147483647;
			files = (
			);
			runOnlyForDeploymentPostprocessing = 0;
		};
		F2CC9E73284DBACB0055746E /* Frameworks */ = {
			isa = PBXFrameworksBuildPhase;
			buildActionMask = 2147483647;
			files = (
			);
			runOnlyForDeploymentPostprocessing = 0;
		};
		F2CC9E7D284DBACB0055746E /* Frameworks */ = {
			isa = PBXFrameworksBuildPhase;
			buildActionMask = 2147483647;
			files = (
			);
			runOnlyForDeploymentPostprocessing = 0;
		};
/* End PBXFrameworksBuildPhase section */

/* Begin PBXGroup section */
		F2CC9E5D284DBAC70055746E = {
			isa = PBXGroup;
			children = (
				F2CC9E68284DBAC70055746E /* actions_demo */,
				F2CC9E79284DBACB0055746E /* actions_demoTests */,
				F2CC9E83284DBACB0055746E /* actions_demoUITests */,
				F2CC9E67284DBAC70055746E /* Products */,
			);
			sourceTree = "<group>";
		};
		F2CC9E67284DBAC70055746E /* Products */ = {
			isa = PBXGroup;
			children = (
				F2CC9E66284DBAC70055746E /* actions_demo.app */,
				F2CC9E76284DBACB0055746E /* actions_demoTests.xctest */,
				F2CC9E80284DBACB0055746E /* actions_demoUITests.xctest */,
			);
			name = Products;
			sourceTree = "<group>";
		};
		F2CC9E68284DBAC70055746E /* actions_demo */ = {
			isa = PBXGroup;
			children = (
				F2CC9E69284DBAC70055746E /* actions_demoApp.swift */,
				F2CC9E6B284DBAC70055746E /* ContentView.swift */,
				F2CC9E6D284DBACA0055746E /* Assets.xcassets */,
				F2CC9E6F284DBACA0055746E /* Preview Content */,
			);
			path = actions_demo;
			sourceTree = "<group>";
		};
		F2CC9E6F284DBACA0055746E /* Preview Content */ = {
			isa = PBXGroup;
			children = (
				F2CC9E70284DBACA0055746E /* Preview Assets.xcassets */,
			);
			path = "Preview Content";
			sourceTree = "<group>";
		};
		F2CC9E79284DBACB0055746E /* actions_demoTests */ = {
			isa = PBXGroup;
			children = (
				F2CC9E7A284DBACB0055746E /* actions_demoTests.swift */,
			);
			path = actions_demoTests;
			sourceTree = "<group>";
		};
		F2CC9E83284DBACB0055746E /* actions_demoUITests */ = {
			isa = PBXGroup;
			children = (
				F2CC9E84284DBACB0055746E /* actions_demoUITests.swift */,
				F2CC9E86284DBACB0055746E /* actions_demoUITestsLaunchTests.swift */,
			);
			path = actions_demoUITests;
			sourceTree = "<group>";
		};
/* End PBXGroup section */

/* Begin PBXNativeTarget section */
		F2CC9E65284DBAC70055746E /* actions_demo */ = {
			isa = PBXNativeTarget;
			buildConfigurationList = F2CC9E8A284DBACB0055746E /* Build configuration list for PBXNativeTarget "actions_demo" */;
			buildPhases = (
				F2CC9E62284DBAC70055746E /* Sources */,
				F2CC9E63284DBAC70055746E /* Frameworks */,
				F2CC9E64284DBAC70055746E /* Resources */,
			);
			buildRules = (
			);
			dependencies = (
			);
			name = actions_demo;
			productName = actions_demo;
			productReference = F2CC9E66284DBAC70055746E /* actions_demo.app */;
			productType = "com.apple.product-type.application";
		};
		F2CC9E75284DBACB0055746E /* actions_demoTests */ = {
			isa = PBXNativeTarget;
			buildConfigurationList = F2CC9E8D284DBACB0055746E /* Build configuration list for PBXNativeTarget "actions_demoTests" */;
			buildPhases = (
				F2CC9E72284DBACB0055746E /* Sources */,
				F2CC9E73284DBACB0055746E /* Frameworks */,
				F2CC9E74284DBACB0055746E /* Resources */,
			);
			buildRules = (
			);
			dependencies = (
				F2CC9E78284DBACB0055746E /* PBXTargetDependency */,
			);
			name = actions_demoTests;
			productName = actions_demoTests;
			productReference = F2CC9E76284DBACB0055746E /* actions_demoTests.xctest */;
			productType = "com.apple.product-type.bundle.unit-test";
		};
		F2CC9E7F284DBACB0055746E /* actions_demoUITests */ = {
			isa = PBXNativeTarget;
			buildConfigurationList = F2CC9E90284DBACB0055746E /* Build configuration list for PBXNativeTarget "actions_demoUITests" */;
			buildPhases = (
				F2CC9E7C284DBACB0055746E /* Sources */,
				F2CC9E7D284DBACB0055746E /* Frameworks */,
				F2CC9E7E284DBACB0055746E /* Resources */,
			);
			buildRules = (
			);
			dependencies = (
				F2CC9E82284DBACB0055746E /* PBXTargetDependency */,
			);
			name = actions_demoUITests;
			productName = actions_demoUITests;
			productReference = F2CC9E80284DBACB0055746E /* actions_demoUITests.xctest */;
			productType = "com.apple.product-type.bundle.ui-testing";
		};
/* End PBXNativeTarget section */

/* Begin PBXProject section */
		F2CC9E5E284DBAC70055746E /* Project object */ = {
			isa = PBXProject;
			attributes = {
				BuildIndependentTargetsInParallel = 1;
				LastSwiftUpdateCheck = 1320;
				LastUpgradeCheck = 1320;
				TargetAttributes = {
					F2CC9E65284DBAC70055746E = {
						CreatedOnToolsVersion = 13.2.1;
					};
					F2CC9E75284DBACB0055746E = {
						CreatedOnToolsVersion = 13.2.1;
						TestTargetID = F2CC9E65284DBAC70055746E;
					};
					F2CC9E7F284DBACB0055746E = {
						CreatedOnToolsVersion = 13.2.1;
						TestTargetID = F2CC9E65284DBAC70055746E;
					};
				};
			};
			buildConfigurationList = F2CC9E61284DBAC70055746E /* Build configuration list for PBXProject "actions_demo" */;
			compatibilityVersion = "Xcode 13.0";
			developmentRegion = en;
			hasScannedForEncodings = 0;
			knownRegions = (
				en,
				Base,
			);
			mainGroup = F2CC9E5D284DBAC70055746E;
			productRefGroup = F2CC9E67284DBAC70055746E /* Products */;
			projectDirPath = "";
			projectRoot = "";
			targets = (
				F2CC9E65284DBAC70055746E /* actions_demo */,
				F2CC9E75284DBACB0055746E /* actions_demoTests */,
				F2CC9E7F284DBACB0055746E /* actions_demoUITests */,
			);
		};
/* End PBXProject section */

/* Begin PBXResourcesBuildPhase section */
		F2CC9E64284DBAC70055746E /* Resources */ = {
			isa = PBXResourcesBuildPhase;
			buildActionMask = 2147483647;
			files = (
				F2CC9E71284DBACA0055746E /* Preview Assets.xcassets in Resources */,
				F2CC9E6E284DBACA0055746E /* Assets.xcassets in Resources */,
			);
			runOnlyForDeploymentPostprocessing = 0;
		};
		F2CC9E74284DBACB0055746E /* Resources */ = {
			isa = PBXResourcesBuildPhase;
			buildActionMask = 2147483647;
			files = (
			);
			runOnlyForDeploymentPostprocessing = 0;
		};
		F2CC9E7E284DBACB0055746E /* Resources */ = {
			isa = PBXResourcesBuildPhase;
			buildActionMask = 2147483647;
			files = (
			);
			runOnlyForDeploymentPostprocessing = 0;
		};
/* End PBXResourcesBuildPhase section */

/* Begin PBXSourcesBuildPhase section */
		F2CC9E62284DBAC70055746E /* Sources */ = {
			isa = PBXSourcesBuildPhase;
			buildActionMask = 2147483647;
			files = (
				F2CC9E6C284DBAC70055746E /* ContentView.swift in Sources */,
				F2CC9E6A284DBAC70055746E /* actions_demoApp.swift in Sources */,
			);
			runOnlyForDeploymentPostprocessing = 0;
		};
		F2CC9E72284DBACB0055746E /* Sources */ = {
			isa = PBXSourcesBuildPhase;
			buildActionMask = 2147483647;
			files = (
				F2CC9E7B284DBACB0055746E /* actions_demoTests.swift in Sources */,
			);
			runOnlyForDeploymentPostprocessing = 0;
		};
		F2CC9E7C284DBACB0055746E /* Sources */ = {
			isa = PBXSourcesBuildPhase;
			buildActionMask = 2147483647;
			files = (
				F2CC9E85284DBACB0055746E /* actions_demoUITests.swift in Sources */,
				F2CC9E87284DBACB0055746E /* actions_demoUITestsLaunchTests.swift in Sources */,
			);
			runOnlyForDeploymentPostprocessing = 0;
		};
/* End PBXSourcesBuildPhase section */

/* Begin PBXTargetDependency section */
		F2CC9E78284DBACB0055746E /* PBXTargetDependency */ = {
			isa = PBXTargetDependency;
			target = F2CC9E65284DBAC70055746E /* actions_demo */;
			targetProxy = F2CC9E77284DBACB0055746E /* PBXContainerItemProxy */;
		};
		F2CC9E82284DBACB0055746E /* PBXTargetDependency */ = {
			isa = PBXTargetDependency;
			target = F2CC9E65284DBAC70055746E /* actions_demo */;
			targetProxy = F2CC9E81284DBACB0055746E /* PBXContainerItemProxy */;
		};
/* End PBXTargetDependency section */

/* Begin XCBuildConfiguration section */
		F2CC9E88284DBACB0055746E /* Debug */ = {
			isa = XCBuildConfiguration;
			buildSettings = {
				ALWAYS_SEARCH_USER_PATHS = NO;
				CLANG_ANALYZER_NONNULL = YES;
				CLANG_ANALYZER_NUMBER_OBJECT_CONVERSION = YES_AGGRESSIVE;
				CLANG_CXX_LANGUAGE_STANDARD = "gnu++17";
				CLANG_CXX_LIBRARY = "libc++";
				CLANG_ENABLE_MODULES = YES;
				CLANG_ENABLE_OBJC_ARC = YES;
				CLANG_ENABLE_OBJC_WEAK = YES;
				CLANG_WARN_BLOCK_CAPTURE_AUTORELEASING = YES;
				CLANG_WARN_BOOL_CONVERSION = YES;
				CLANG_WARN_COMMA = YES;
				CLANG_WARN_CONSTANT_CONVERSION = YES;
				CLANG_WARN_DEPRECATED_OBJC_IMPLEMENTATIONS = YES;
				CLANG_WARN_DIRECT_OBJC_ISA_USAGE = YES_ERROR;
				CLANG_WARN_DOCUMENTATION_COMMENTS = YES;
				CLANG_WARN_EMPTY_BODY = YES;
				CLANG_WARN_ENUM_CONVERSION = YES;
				CLANG_WARN_INFINITE_RECURSION = YES;
				CLANG_WARN_INT_CONVERSION = YES;
				CLANG_WARN_NON_LITERAL_NULL_CONVERSION = YES;
				CLANG_WARN_OBJC_IMPLICIT_RETAIN_SELF = YES;
				CLANG_WARN_OBJC_LITERAL_CONVERSION = YES;
				CLANG_WARN_OBJC_ROOT_CLASS = YES_ERROR;
				CLANG_WARN_QUOTED_INCLUDE_IN_FRAMEWORK_HEADER = YES;
				CLANG_WARN_RANGE_LOOP_ANALYSIS = YES;
				CLANG_WARN_STRICT_PROTOTYPES = YES;
				CLANG_WARN_SUSPICIOUS_MOVE = YES;
				CLANG_WARN_UNGUARDED_AVAILABILITY = YES_AGGRESSIVE;
				CLANG_WARN_UNREACHABLE_CODE = YES;
				CLANG_WARN__DUPLICATE_METHOD_MATCH = YES;
				COPY_PHASE_STRIP = NO;
				DEBUG_INFORMATION_FORMAT = dwarf;
				ENABLE_STRICT_OBJC_MSGSEND = YES;
				ENABLE_TESTABILITY = YES;
				GCC_C_LANGUAGE_STANDARD = gnu11;
				GCC_DYNAMIC_NO_PIC = NO;
				GCC_NO_COMMON_BLOCKS = YES;
				GCC_OPTIMIZATION_LEVEL = 0;
				GCC_PREPROCESSOR_DEFINITIONS = (
					"DEBUG=1",
					"$(inherited)",
				);
				GCC_WARN_64_TO_32_BIT_CONVERSION = YES;
				GCC_WARN_ABOUT_RETURN_TYPE = YES_ERROR;
				GCC_WARN_UNDECLARED_SELECTOR = YES;
				GCC_WARN_UNINITIALIZED_AUTOS = YES_AGGRESSIVE;
				GCC_WARN_UNUSED_FUNCTION = YES;
				GCC_WARN_UNUSED_VARIABLE = YES;
				IPHONEOS_DEPLOYMENT_TARGET = 15.2;
				MTL_ENABLE_DEBUG_INFO = INCLUDE_SOURCE;
				MTL_FAST_MATH = YES;
				ONLY_ACTIVE_ARCH = YES;
				SDKROOT = iphoneos;
				SWIFT_ACTIVE_COMPILATION_CONDITIONS = DEBUG;
				SWIFT_OPTIMIZATION_LEVEL = "-Onone";
			};
			name = Debug;
		};
		F2CC9E89284DBACB0055746E /* Release */ = {
			isa = XCBuildConfiguration;
			buildSettings = {
				ALWAYS_SEARCH_USER_PATHS = NO;
				CLANG_ANALYZER_NONNULL = YES;
				CLANG_ANALYZER_NUMBER_OBJECT_CONVERSION = YES_AGGRESSIVE;
				CLANG_CXX_LANGUAGE_STANDARD = "gnu++17";
				CLANG_CXX_LIBRARY = "libc++";
				CLANG_ENABLE_MODULES = YES;
				CLANG_ENABLE_OBJC_ARC = YES;
				CLANG_ENABLE_OBJC_WEAK = YES;
				CLANG_WARN_BLOCK_CAPTURE_AUTORELEASING = YES;
				CLANG_WARN_BOOL_CONVERSION = YES;
				CLANG_WARN_COMMA = YES;
				CLANG_WARN_CONSTANT_CONVERSION = YES;
				CLANG_WARN_DEPRECATED_OBJC_IMPLEMENTATIONS = YES;
				CLANG_WARN_DIRECT_OBJC_ISA_USAGE = YES_ERROR;
				CLANG_WARN_DOCUMENTATION_COMMENTS = YES;
				CLANG_WARN_EMPTY_BODY = YES;
				CLANG_WARN_ENUM_CONVERSION = YES;
				CLANG_WARN_INFINITE_RECURSION = YES;
				CLANG_WARN_INT_CONVERSION = YES;
				CLANG_WARN_NON_LITERAL_NULL_CONVERSION = YES;
				CLANG_WARN_OBJC_IMPLICIT_RETAIN_SELF = YES;
				CLANG_WARN_OBJC_LITERAL_CONVERSION = YES;
				CLANG_WARN_OBJC_ROOT_CLASS = YES_ERROR;
				CLANG_WARN_QUOTED_INCLUDE_IN_FRAMEWORK_HEADER = YES;
				CLANG_WARN_RANGE_LOOP_ANALYSIS = YES;
				CLANG_WARN_STRICT_PROTOTYPES = YES;
				CLANG_WARN_SUSPICIOUS_MOVE = YES;
				CLANG_WARN_UNGUARDED_AVAILABILITY = YES_AGGRESSIVE;
				CLANG_WARN_UNREACHABLE_CODE = YES;
				CLANG_WARN__DUPLICATE_METHOD_MATCH = YES;
				COPY_PHASE_STRIP = NO;
				DEBUG_INFORMATION_FORMAT = "dwarf-with-dsym";
				ENABLE_NS_ASSERTIONS = NO;
				ENABLE_STRICT_OBJC_MSGSEND = YES;
				GCC_C_LANGUAGE_STANDARD = gnu11;
				GCC_NO_COMMON_BLOCKS = YES;
				GCC_WARN_64_TO_32_BIT_CONVERSION = YES;
				GCC_WARN_ABOUT_RETURN_TYPE = YES_ERROR;
				GCC_WARN_UNDECLARED_SELECTOR = YES;
				GCC_WARN_UNINITIALIZED_AUTOS = YES_AGGRESSIVE;
				GCC_WARN_UNUSED_FUNCTION = YES;
				GCC_WARN_UNUSED_VARIABLE = YES;
				IPHONEOS_DEPLOYMENT_TARGET = 15.2;
				MTL_ENABLE_DEBUG_INFO = NO;
				MTL_FAST_MATH = YES;
				SDKROOT = iphoneos;
				SWIFT_COMPILATION_MODE = wholemodule;
				SWIFT_OPTIMIZATION_LEVEL = "-O";
				VALIDATE_PRODUCT = YES;
			};
			name = Release;
		};
		F2CC9E8B284DBACB0055746E /* Debug */ = {
			isa = XCBuildConfiguration;
			buildSettings = {
				ASSETCATALOG_COMPILER_APPICON_NAME = AppIcon;
				ASSETCATALOG_COMPILER_GLOBAL_ACCENT_COLOR_NAME = AccentColor;
				CODE_SIGN_STYLE = Automatic;
				CURRENT_PROJECT_VERSION = 1;
				DEVELOPMENT_ASSET_PATHS = "\"actions_demo/Preview Content\"";
				ENABLE_PREVIEWS = YES;
				GENERATE_INFOPLIST_FILE = YES;
				INFOPLIST_KEY_UIApplicationSceneManifest_Generation = YES;
				INFOPLIST_KEY_UIApplicationSupportsIndirectInputEvents = YES;
				INFOPLIST_KEY_UILaunchScreen_Generation = YES;
				INFOPLIST_KEY_UISupportedInterfaceOrientations_iPad = "UIInterfaceOrientationPortrait UIInterfaceOrientationPortraitUpsideDown UIInterfaceOrientationLandscapeLeft UIInterfaceOrientationLandscapeRight";
				INFOPLIST_KEY_UISupportedInterfaceOrientations_iPhone = "UIInterfaceOrientationPortrait UIInterfaceOrientationLandscapeLeft UIInterfaceOrientationLandscapeRight";
				LD_RUNPATH_SEARCH_PATHS = (
					"$(inherited)",
					"@executable_path/Frameworks",
				);
				MARKETING_VERSION = 1.0;
				PRODUCT_BUNDLE_IDENTIFIER = "eden.demo.actions-demo";
				PRODUCT_NAME = "$(TARGET_NAME)";
				SWIFT_EMIT_LOC_STRINGS = YES;
				SWIFT_VERSION = 5.0;
				TARGETED_DEVICE_FAMILY = "1,2";
			};
			name = Debug;
		};
		F2CC9E8C284DBACB0055746E /* Release */ = {
			isa = XCBuildConfiguration;
			buildSettings = {
				ASSETCATALOG_COMPILER_APPICON_NAME = AppIcon;
				ASSETCATALOG_COMPILER_GLOBAL_ACCENT_COLOR_NAME = AccentColor;
				CODE_SIGN_STYLE = Automatic;
				CURRENT_PROJECT_VERSION = 1;
				DEVELOPMENT_ASSET_PATHS = "\"actions_demo/Preview Content\"";
				ENABLE_PREVIEWS = YES;
				GENERATE_INFOPLIST_FILE = YES;
				INFOPLIST_KEY_UIApplicationSceneManifest_Generation = YES;
				INFOPLIST_KEY_UIApplicationSupportsIndirectInputEvents = YES;
				INFOPLIST_KEY_UILaunchScreen_Generation = YES;
				INFOPLIST_KEY_UISupportedInterfaceOrientations_iPad = "UIInterfaceOrientationPortrait UIInterfaceOrientationPortraitUpsideDown UIInterfaceOrientationLandscapeLeft UIInterfaceOrientationLandscapeRight";
				INFOPLIST_KEY_UISupportedInterfaceOrientations_iPhone = "UIInterfaceOrientationPortrait UIInterfaceOrientationLandscapeLeft UIInterfaceOrientationLandscapeRight";
				LD_RUNPATH_SEARCH_PATHS = (
					"$(inherited)",
					"@executable_path/Frameworks",
				);
				MARKETING_VERSION = 1.0;
				PRODUCT_BUNDLE_IDENTIFIER = "eden.demo.actions-demo";
				PRODUCT_NAME = "$(TARGET_NAME)";
				SWIFT_EMIT_LOC_STRINGS = YES;
				SWIFT_VERSION = 5.0;
				TARGETED_DEVICE_FAMILY = "1,2";
			};
			name = Release;
		};
		F2CC9E8E284DBACB0055746E /* Debug */ = {
			isa = XCBuildConfiguration;
			buildSettings = {
				ALWAYS_EMBED_SWIFT_STANDARD_LIBRARIES = YES;
				BUNDLE_LOADER = "$(TEST_HOST)";
				CODE_SIGN_STYLE = Automatic;
				CURRENT_PROJECT_VERSION = 1;
				GENERATE_INFOPLIST_FILE = YES;
				IPHONEOS_DEPLOYMENT_TARGET = 15.2;
				MARKETING_VERSION = 1.0;
				PRODUCT_BUNDLE_IDENTIFIER = "eden.demo.actions-demoTests";
				PRODUCT_NAME = "$(TARGET_NAME)";
				SWIFT_EMIT_LOC_STRINGS = NO;
				SWIFT_VERSION = 5.0;
				TARGETED_DEVICE_FAMILY = "1,2";
				TEST_HOST = "$(BUILT_PRODUCTS_DIR)/actions_demo.app/actions_demo";
			};
			name = Debug;
		};
		F2CC9E8F284DBACB0055746E /* Release */ = {
			isa = XCBuildConfiguration;
			buildSettings = {
				ALWAYS_EMBED_SWIFT_STANDARD_LIBRARIES = YES;
				BUNDLE_LOADER = "$(TEST_HOST)";
				CODE_SIGN_STYLE = Automatic;
				CURRENT_PROJECT_VERSION = 1;
				GENERATE_INFOPLIST_FILE = YES;
				IPHONEOS_DEPLOYMENT_TARGET = 15.2;
				MARKETING_VERSION = 1.0;
				PRODUCT_BUNDLE_IDENTIFIER = "eden.demo.actions-demoTests";
				PRODUCT_NAME = "$(TARGET_NAME)";
				SWIFT_EMIT_LOC_STRINGS = NO;
				SWIFT_VERSION = 5.0;
				TARGETED_DEVICE_FAMILY = "1,2";
				TEST_HOST = "$(BUILT_PRODUCTS_DIR)/actions_demo.app/actions_demo";
			};
			name = Release;
		};
		F2CC9E91284DBACB0055746E /* Debug */ = {
			isa = XCBuildConfiguration;
			buildSettings = {
				ALWAYS_EMBED_SWIFT_STANDARD_LIBRARIES = YES;
				CODE_SIGN_STYLE = Automatic;
				CURRENT_PROJECT_VERSION = 1;
				GENERATE_INFOPLIST_FILE = YES;
				MARKETING_VERSION = 1.0;
				PRODUCT_BUNDLE_IDENTIFIER = "eden.demo.actions-demoUITests";
				PRODUCT_NAME = "$(TARGET_NAME)";
				SWIFT_EMIT_LOC_STRINGS = NO;
				SWIFT_VERSION = 5.0;
				TARGETED_DEVICE_FAMILY = "1,2";
				TEST_TARGET_NAME = actions_demo;
			};
			name = Debug;
		};
		F2CC9E92284DBACB0055746E /* Release */ = {
			isa = XCBuildConfiguration;
			buildSettings = {
				ALWAYS_EMBED_SWIFT_STANDARD_LIBRARIES = YES;
				CODE_SIGN_STYLE = Automatic;
				CURRENT_PROJECT_VERSION = 1;
				GENERATE_INFOPLIST_FILE = YES;
				MARKETING_VERSION = 1.0;
				PRODUCT_BUNDLE_IDENTIFIER = "eden.demo.actions-demoUITests";
				PRODUCT_NAME = "$(TARGET_NAME)";
				SWIFT_EMIT_LOC_STRINGS = NO;
				SWIFT_VERSION = 5.0;
				TARGETED_DEVICE_FAMILY = "1,2";
				TEST_TARGET_NAME = actions_demo;
			};
			name = Release;
		};
/* End XCBuildConfiguration section */

/* Begin XCConfigurationList section */
		F2CC9E61284DBAC70055746E /* Build configuration list for PBXProject "actions_demo" */ = {
			isa = XCConfigurationList;
			buildConfigurations = (
				F2CC9E88284DBACB0055746E /* Debug */,
				F2CC9E89284DBACB0055746E /* Release */,
			);
			defaultConfigurationIsVisible = 0;
			defaultConfigurationName = Release;
		};
		F2CC9E8A284DBACB0055746E /* Build configuration list for PBXNativeTarget "actions_demo" */ = {
			isa = XCConfigurationList;
			buildConfigurations = (
				F2CC9E8B284DBACB0055746E /* Debug */,
				F2CC9E8C284DBACB0055746E /* Release */,
			);
			defaultConfigurationIsVisible = 0;
			defaultConfigurationName = Release;
		};
		F2CC9E8D284DBACB0055746E /* Build configuration list for PBXNativeTarget "actions_demoTests" */ = {
			isa = XCConfigurationList;
			buildConfigurations = (
				F2CC9E8E284DBACB0055746E /* Debug */,
				F2CC9E8F284DBACB0055746E /* Release */,
			);
			defaultConfigurationIsVisible = 0;
			defaultConfigurationName = Release;
		};
		F2CC9E90284DBACB0055746E /* Build configuration list for PBXNativeTarget "actions_demoUITests" */ = {
			isa = XCConfigurationList;
			buildConfigurations = (
				F2CC9E91284DBACB0055746E /* Debug */,
				F2CC9E92284DBACB0055746E /* Release */,
			);
			defaultConfigurationIsVisible = 0;
			defaultConfigurationName = Release;
		};
/* End XCConfigurationList section */
	};
	rootObject = F2CC9E5E284DBAC70055746E /* Project object */;
}
